
Microsoft Visual Studio Solution File, Format Version 12.00
Project("{FAE04EC0-301F-11D3-BF4B-00C04F79EFBC}") = "turn_based_game", "turn_based_game\turn_based_game.csproj", "{C550F670-EEA7-40E4-A2BB-4FA99F6D979A}"
EndProject
Global
	GlobalSection(SolutionConfigurationPlatforms) = preSolution
		Debug|Any CPU = Debug|Any CPU
		Release|Any CPU = Release|Any CPU
	EndGlobalSection
	GlobalSection(ProjectConfigurationPlatforms) = postSolution
		{C550F670-EEA7-40E4-A2BB-4FA99F6D979A}.Debug|Any CPU.ActiveCfg = Debug|Any CPU
		{C550F670-EEA7-40E4-A2BB-4FA99F6D979A}.Debug|Any CPU.Build.0 = Debug|Any CPU
		{C550F670-EEA7-40E4-A2BB-4FA99F6D979A}.Release|Any CPU.ActiveCfg = Release|Any CPU
		{C550F670-EEA7-40E4-A2BB-4FA99F6D979A}.Release|Any CPU.Build.0 = Release|Any CPU
	EndGlobalSection
EndGlobal
